<Solution>
  <Configurations>
    <Platform Name="x64" />
    <Platform Name="x86" />
  </Configurations>
  <Project Path="../../../../../../source/repos/ClassWorkCPP/19.09-CPP/MyFirstCPPWorkToday/MyFirstCPPWorkToday/MyFirstCPPWorkToday.vcxproj" Id="4e0388a6-0ed8-4d27-9bd8-d88ccfb55208" />
</Solution>
